// !$*UTF8*$!
{
	archiveVersion = 1;
	classes = {
	};
	objectVersion = 50;
	objects = {

/* Begin PBXBuildFile section */
		2563F51D2496F81E0076E1FA /* AppDelegate.swift in Sources */ = {isa = PBXBuildFile; fileRef = 2563F51C2496F81E0076E1FA /* AppDelegate.swift */; };
		2563F51F2496F81E0076E1FA /* SceneDelegate.swift in Sources */ = {isa = PBXBuildFile; fileRef = 2563F51E2496F81E0076E1FA /* SceneDelegate.swift */; };
		2563F5262496F8200076E1FA /* Assets.xcassets in Resources */ = {isa = PBXBuildFile; fileRef = 2563F5252496F8200076E1FA /* Assets.xcassets */; };
		2563F5292496F8200076E1FA /* LaunchScreen.storyboard in Resources */ = {isa = PBXBuildFile; fileRef = 2563F5272496F8200076E1FA /* LaunchScreen.storyboard */; };
		2563F5312496F9FF0076E1FA /* ContactsViewController.swift in Sources */ = {isa = PBXBuildFile; fileRef = 2563F5302496F9FF0076E1FA /* ContactsViewController.swift */; };
		2563F53724970B970076E1FA /* ContactAPI.swift in Sources */ = {isa = PBXBuildFile; fileRef = 2563F53624970B970076E1FA /* ContactAPI.swift */; };
		2563F53924970BA80076E1FA /* Contact.swift in Sources */ = {isa = PBXBuildFile; fileRef = 2563F53824970BA80076E1FA /* Contact.swift */; };
		2563F53B24970BC90076E1FA /* ContactTableViewCell.swift in Sources */ = {isa = PBXBuildFile; fileRef = 2563F53A24970BC90076E1FA /* ContactTableViewCell.swift */; };
/* End PBXBuildFile section */

/* Begin PBXFileReference section */
		2563F5192496F81E0076E1FA /* ContactsApp.app */ = {isa = PBXFileReference; explicitFileType = wrapper.application; includeInIndex = 0; path = ContactsApp.app; sourceTree = BUILT_PRODUCTS_DIR; };
		2563F51C2496F81E0076E1FA /* AppDelegate.swift */ = {isa = PBXFileReference; lastKnownFileType = sourcecode.swift; path = AppDelegate.swift; sourceTree = "<group>"; };
		2563F51E2496F81E0076E1FA /* SceneDelegate.swift */ = {isa = PBXFileReference; lastKnownFileType = sourcecode.swift; path = SceneDelegate.swift; sourceTree = "<group>"; };
		2563F5252496F8200076E1FA /* Assets.xcassets */ = {isa = PBXFileReference; lastKnownFileType = folder.assetcatalog; path = Assets.xcassets; sourceTree = "<group>"; };
		2563F5282496F8200076E1FA /* Base */ = {isa = PBXFileReference; lastKnownFileType = file.storyboard; name = Base; path = Base.lproj/LaunchScreen.storyboard; sourceTree = "<group>"; };
		2563F52A2496F8200076E1FA /* Info.plist */ = {isa = PBXFileReference; lastKnownFileType = text.plist.xml; path = Info.plist; sourceTree = "<group>"; };
		2563F5302496F9FF0076E1FA /* ContactsViewController.swift */ = {isa = PBXFileReference; lastKnownFileType = sourcecode.swift; path = ContactsViewController.swift; sourceTree = "<group>"; };
		2563F53624970B970076E1FA /* ContactAPI.swift */ = {isa = PBXFileReference; fileEncoding = 4; lastKnownFileType = sourcecode.swift; path = ContactAPI.swift; sourceTree = "<group>"; };
		2563F53824970BA80076E1FA /* Contact.swift */ = {isa = PBXFileReference; fileEncoding = 4; lastKnownFileType = sourcecode.swift; path = Contact.swift; sourceTree = "<group>"; };
		2563F53A24970BC90076E1FA /* ContactTableViewCell.swift */ = {isa = PBXFileReference; fileEncoding = 4; lastKnownFileType = sourcecode.swift; path = ContactTableViewCell.swift; sourceTree = "<group>"; };
/* End PBXFileReference section */

/* Begin PBXFrameworksBuildPhase section */
		2563F5162496F81E0076E1FA /* Frameworks */ = {
			isa = PBXFrameworksBuildPhase;
			buildActionMask = 2147483647;
			files = (
			);
			runOnlyForDeploymentPostprocessing = 0;
		};
/* End PBXFrameworksBuildPhase section */

/* Begin PBXGroup section */
		2563F5102496F81E0076E1FA = {
			isa = PBXGroup;
			children = (
				2563F51B2496F81E0076E1FA /* ContactsApp */,
				2563F51A2496F81E0076E1FA /* Products */,
			);
			sourceTree = "<group>";
		};
		2563F51A2496F81E0076E1FA /* Products */ = {
			isa = PBXGroup;
			children = (
				2563F5192496F81E0076E1FA /* ContactsApp.app */,
			);
			name = Products;
			sourceTree = "<group>";
		};
		2563F51B2496F81E0076E1FA /* ContactsApp */ = {
			isa = PBXGroup;
			children = (
				2563F51C2496F81E0076E1FA /* AppDelegate.swift */,
				2563F51E2496F81E0076E1FA /* SceneDelegate.swift */,
				2563F53E24971F7F0076E1FA /* View Model */,
				2563F534249709810076E1FA /* Model */,
				2563F5332497091A0076E1FA /* View */,
				2563F532249709040076E1FA /* Controller */,
				2563F5252496F8200076E1FA /* Assets.xcassets */,
				2563F5272496F8200076E1FA /* LaunchScreen.storyboard */,
				2563F52A2496F8200076E1FA /* Info.plist */,
			);
			path = ContactsApp;
			sourceTree = "<group>";
		};
		2563F532249709040076E1FA /* Controller */ = {
			isa = PBXGroup;
			children = (
				2563F5302496F9FF0076E1FA /* ContactsViewController.swift */,
			);
			path = Controller;
			sourceTree = "<group>";
		};
		2563F5332497091A0076E1FA /* View */ = {
			isa = PBXGroup;
			children = (
				2563F53A24970BC90076E1FA /* ContactTableViewCell.swift */,
			);
			path = View;
			sourceTree = "<group>";
		};
		2563F534249709810076E1FA /* Model */ = {
			isa = PBXGroup;
			children = (
				2563F53824970BA80076E1FA /* Contact.swift */,
			);
			path = Model;
			sourceTree = "<group>";
		};
		2563F53E24971F7F0076E1FA /* View Model */ = {
			isa = PBXGroup;
			children = (
				2563F53624970B970076E1FA /* ContactAPI.swift */,
			);
			path = "View Model";
			sourceTree = "<group>";
		};
/* End PBXGroup section */

/* Begin PBXNativeTarget section */
		2563F5182496F81E0076E1FA /* ContactsApp */ = {
			isa = PBXNativeTarget;
			buildConfigurationList = 2563F52D2496F8200076E1FA /* Build configuration list for PBXNativeTarget "ContactsApp" */;
			buildPhases = (
				2563F5152496F81E0076E1FA /* Sources */,
				2563F5162496F81E0076E1FA /* Frameworks */,
				2563F5172496F81E0076E1FA /* Resources */,
			);
			buildRules = (
			);
			dependencies = (
			);
			name = ContactsApp;
			productName = ContactsApp;
			productReference = 2563F5192496F81E0076E1FA /* ContactsApp.app */;
			productType = "com.apple.product-type.application";
		};
/* End PBXNativeTarget section */

/* Begin PBXProject section */
		2563F5112496F81E0076E1FA /* Project object */ = {
			isa = PBXProject;
			attributes = {
				LastSwiftUpdateCheck = 1150;
				LastUpgradeCheck = 1150;
				ORGANIZATIONNAME = "朱鵬化";
				TargetAttributes = {
					2563F5182496F81E0076E1FA = {
						CreatedOnToolsVersion = 11.5;
					};
				};
			};
			buildConfigurationList = 2563F5142496F81E0076E1FA /* Build configuration list for PBXProject "ContactsApp" */;
			compatibilityVersion = "Xcode 9.3";
			developmentRegion = en;
			hasScannedForEncodings = 0;
			knownRegions = (
				en,
				Base,
			);
			mainGroup = 2563F5102496F81E0076E1FA;
			productRefGroup = 2563F51A2496F81E0076E1FA /* Products */;
			projectDirPath = "";
			projectRoot = "";
			targets = (
				2563F5182496F81E0076E1FA /* ContactsApp */,
			);
		};
/* End PBXProject section */

/* Begin PBXResourcesBuildPhase section */
		2563F5172496F81E0076E1FA /* Resources */ = {
			isa = PBXResourcesBuildPhase;
			buildActionMask = 2147483647;
			files = (
				2563F5292496F8200076E1FA /* LaunchScreen.storyboard in Resources */,
				2563F5262496F8200076E1FA /* Assets.xcassets in Resources */,
			);
			runOnlyForDeploymentPostprocessing = 0;
		};
/* End PBXResourcesBuildPhase section */

/* Begin PBXSourcesBuildPhase section */
		2563F5152496F81E0076E1FA /* Sources */ = {
			isa = PBXSourcesBuildPhase;
			buildActionMask = 2147483647;
			files = (
				2563F53B24970BC90076E1FA /* ContactTableViewCell.swift in Sources */,
				2563F51D2496F81E0076E1FA /* AppDelegate.swift in Sources */,
				2563F53724970B970076E1FA /* ContactAPI.swift in Sources */,
				2563F53924970BA80076E1FA /* Contact.swift in Sources */,
				2563F51F2496F81E0076E1FA /* SceneDelegate.swift in Sources */,
				2563F5312496F9FF0076E1FA /* ContactsViewController.swift in Sources */,
			);
			runOnlyForDeploymentPostprocessing = 0;
		};
/* End PBXSourcesBuildPhase section */

/* Begin PBXVariantGroup section */
		2563F5272496F8200076E1FA /* LaunchScreen.storyboard */ = {
			isa = PBXVariantGroup;
			children = (
				2563F5282496F8200076E1FA /* Base */,
			);
			name = LaunchScreen.storyboard;
			sourceTree = "<group>";
		};
/* End PBXVariantGroup section */

/* Begin XCBuildConfiguration section */
		2563F52B2496F8200076E1FA /* Debug */ = {
			isa = XCBuildConfiguration;
			buildSettings = {
				ALWAYS_SEARCH_USER_PATHS = NO;
				CLANG_ANALYZER_NONNULL = YES;
				CLANG_ANALYZER_NUMBER_OBJECT_CONVERSION = YES_AGGRESSIVE;
				CLANG_CXX_LANGUAGE_STANDARD = "gnu++14";
				CLANG_CXX_LIBRARY = "libc++";
				CLANG_ENABLE_MODULES = YES;
				CLANG_ENABLE_OBJC_ARC = YES;
				CLANG_ENABLE_OBJC_WEAK = YES;
				CLANG_WARN_BLOCK_CAPTURE_AUTORELEASING = YES;
				CLANG_WARN_BOOL_CONVERSION = YES;
				CLANG_WARN_COMMA = YES;
				CLANG_WARN_CONSTANT_CONVERSION = YES;
				CLANG_WARN_DEPRECATED_OBJC_IMPLEMENTATIONS = YES;
				CLANG_WARN_DIRECT_OBJC_ISA_USAGE = YES_ERROR;
				CLANG_WARN_DOCUMENTATION_COMMENTS = YES;
				CLANG_WARN_EMPTY_BODY = YES;
				CLANG_WARN_ENUM_CONVERSION = YES;
				CLANG_WARN_INFINITE_RECURSION = YES;
				CLANG_WARN_INT_CONVERSION = YES;
				CLANG_WARN_NON_LITERAL_NULL_CONVERSION = YES;
				CLANG_WARN_OBJC_IMPLICIT_RETAIN_SELF = YES;
				CLANG_WARN_OBJC_LITERAL_CONVERSION = YES;
				CLANG_WARN_OBJC_ROOT_CLASS = YES_ERROR;
				CLANG_WARN_RANGE_LOOP_ANALYSIS = YES;
				CLANG_WARN_STRICT_PROTOTYPES = YES;
				CLANG_WARN_SUSPICIOUS_MOVE = YES;
				CLANG_WARN_UNGUARDED_AVAILABILITY = YES_AGGRESSIVE;
				CLANG_WARN_UNREACHABLE_CODE = YES;
				CLANG_WARN__DUPLICATE_METHOD_MATCH = YES;
				COPY_PHASE_STRIP = NO;
				DEBUG_INFORMATION_FORMAT = dwarf;
				ENABLE_STRICT_OBJC_MSGSEND = YES;
				ENABLE_TESTABILITY = YES;
				GCC_C_LANGUAGE_STANDARD = gnu11;
				GCC_DYNAMIC_NO_PIC = NO;
				GCC_NO_COMMON_BLOCKS = YES;
				GCC_OPTIMIZATION_LEVEL = 0;
				GCC_PREPROCESSOR_DEFINITIONS = (
					"DEBUG=1",
					"$(inherited)",
				);
				GCC_WARN_64_TO_32_BIT_CONVERSION = YES;
				GCC_WARN_ABOUT_RETURN_TYPE = YES_ERROR;
				GCC_WARN_UNDECLARED_SELECTOR = YES;
				GCC_WARN_UNINITIALIZED_AUTOS = YES_AGGRESSIVE;
				GCC_WARN_UNUSED_FUNCTION = YES;
				GCC_WARN_UNUSED_VARIABLE = YES;
				IPHONEOS_DEPLOYMENT_TARGET = 13.5;
				MTL_ENABLE_DEBUG_INFO = INCLUDE_SOURCE;
				MTL_FAST_MATH = YES;
				ONLY_ACTIVE_ARCH = YES;
				SDKROOT = iphoneos;
				SWIFT_ACTIVE_COMPILATION_CONDITIONS = DEBUG;
				SWIFT_OPTIMIZATION_LEVEL = "-Onone";
			};
			name = Debug;
		};
		2563F52C2496F8200076E1FA /* Release */ = {
			isa = XCBuildConfiguration;
			buildSettings = {
				ALWAYS_SEARCH_USER_PATHS = NO;
				CLANG_ANALYZER_NONNULL = YES;
				CLANG_ANALYZER_NUMBER_OBJECT_CONVERSION = YES_AGGRESSIVE;
				CLANG_CXX_LANGUAGE_STANDARD = "gnu++14";
				CLANG_CXX_LIBRARY = "libc++";
				CLANG_ENABLE_MODULES = YES;
				CLANG_ENABLE_OBJC_ARC = YES;
				CLANG_ENABLE_OBJC_WEAK = YES;
				CLANG_WARN_BLOCK_CAPTURE_AUTORELEASING = YES;
				CLANG_WARN_BOOL_CONVERSION = YES;
				CLANG_WARN_COMMA = YES;
				CLANG_WARN_CONSTANT_CONVERSION = YES;
				CLANG_WARN_DEPRECATED_OBJC_IMPLEMENTATIONS = YES;
				CLANG_WARN_DIRECT_OBJC_ISA_USAGE = YES_ERROR;
				CLANG_WARN_DOCUMENTATION_COMMENTS = YES;
				CLANG_WARN_EMPTY_BODY = YES;
				CLANG_WARN_ENUM_CONVERSION = YES;
				CLANG_WARN_INFINITE_RECURSION = YES;
				CLANG_WARN_INT_CONVERSION = YES;
				CLANG_WARN_NON_LITERAL_NULL_CONVERSION = YES;
				CLANG_WARN_OBJC_IMPLICIT_RETAIN_SELF = YES;
				CLANG_WARN_OBJC_LITERAL_CONVERSION = YES;
				CLANG_WARN_OBJC_ROOT_CLASS = YES_ERROR;
				CLANG_WARN_RANGE_LOOP_ANALYSIS = YES;
				CLANG_WARN_STRICT_PROTOTYPES = YES;
				CLANG_WARN_SUSPICIOUS_MOVE = YES;
				CLANG_WARN_UNGUARDED_AVAILABILITY = YES_AGGRESSIVE;
				CLANG_WARN_UNREACHABLE_CODE = YES;
				CLANG_WARN__DUPLICATE_METHOD_MATCH = YES;
				COPY_PHASE_STRIP = NO;
				DEBUG_INFORMATION_FORMAT = "dwarf-with-dsym";
				ENABLE_NS_ASSERTIONS = NO;
				ENABLE_STRICT_OBJC_MSGSEND = YES;
				GCC_C_LANGUAGE_STANDARD = gnu11;
				GCC_NO_COMMON_BLOCKS = YES;
				GCC_WARN_64_TO_32_BIT_CONVERSION = YES;
				GCC_WARN_ABOUT_RETURN_TYPE = YES_ERROR;
				GCC_WARN_UNDECLARED_SELECTOR = YES;
				GCC_WARN_UNINITIALIZED_AUTOS = YES_AGGRESSIVE;
				GCC_WARN_UNUSED_FUNCTION = YES;
				GCC_WARN_UNUSED_VARIABLE = YES;
				IPHONEOS_DEPLOYMENT_TARGET = 13.5;
				MTL_ENABLE_DEBUG_INFO = NO;
				MTL_FAST_MATH = YES;
				SDKROOT = iphoneos;
				SWIFT_COMPILATION_MODE = wholemodule;
				SWIFT_OPTIMIZATION_LEVEL = "-O";
				VALIDATE_PRODUCT = YES;
			};
			name = Release;
		};
		2563F52E2496F8200076E1FA /* Debug */ = {
			isa = XCBuildConfiguration;
			buildSettings = {
				ASSETCATALOG_COMPILER_APPICON_NAME = AppIcon;
				CODE_SIGN_STYLE = Automatic;
				INFOPLIST_FILE = ContactsApp/Info.plist;
				LD_RUNPATH_SEARCH_PATHS = (
					"$(inherited)",
					"@executable_path/Frameworks",
				);
				PRODUCT_BUNDLE_IDENTIFIER = ph.chu.ContactsApp;
				PRODUCT_NAME = "$(TARGET_NAME)";
				SWIFT_VERSION = 5.0;
				TARGETED_DEVICE_FAMILY = 1;
			};
			name = Debug;
		};
		2563F52F2496F8200076E1FA /* Release */ = {
			isa = XCBuildConfiguration;
			buildSettings = {
				ASSETCATALOG_COMPILER_APPICON_NAME = AppIcon;
				CODE_SIGN_STYLE = Automatic;
				INFOPLIST_FILE = ContactsApp/Info.plist;
				LD_RUNPATH_SEARCH_PATHS = (
					"$(inherited)",
					"@executable_path/Frameworks",
				);
				PRODUCT_BUNDLE_IDENTIFIER = ph.chu.ContactsApp;
				PRODUCT_NAME = "$(TARGET_NAME)";
				SWIFT_VERSION = 5.0;
				TARGETED_DEVICE_FAMILY = 1;
			};
			name = Release;
		};
/* End XCBuildConfiguration section */

/* Begin XCConfigurationList section */
		2563F5142496F81E0076E1FA /* Build configuration list for PBXProject "ContactsApp" */ = {
			isa = XCConfigurationList;
			buildConfigurations = (
				2563F52B2496F8200076E1FA /* Debug */,
				2563F52C2496F8200076E1FA /* Release */,
			);
			defaultConfigurationIsVisible = 0;
			defaultConfigurationName = Release;
		};
		2563F52D2496F8200076E1FA /* Build configuration list for PBXNativeTarget "ContactsApp" */ = {
			isa = XCConfigurationList;
			buildConfigurations = (
				2563F52E2496F8200076E1FA /* Debug */,
				2563F52F2496F8200076E1FA /* Release */,
			);
			defaultConfigurationIsVisible = 0;
			defaultConfigurationName = Release;
		};
/* End XCConfigurationList section */
	};
	rootObject = 2563F5112496F81E0076E1FA /* Project object */;
}
